
Microsoft Visual Studio Solution File, Format Version 12.00
# Visual Studio 15
VisualStudioVersion = 15.0.28307.1525
MinimumVisualStudioVersion = 10.0.40219.1
Project("{FAE04EC0-301F-11D3-BF4B-00C04F79EFBC}") = "UniExp", "UniExp\UniExp.csproj", "{1418C3CB-E639-4B74-8044-ED0B3CB8B87C}"
EndProject
Global
	GlobalSection(SolutionConfigurationPlatforms) = preSolution
		Debug|Any CPU = Debug|Any CPU
		Release|Any CPU = Release|Any CPU
	EndGlobalSection
	GlobalSection(ProjectConfigurationPlatforms) = postSolution
		{1418C3CB-E639-4B74-8044-ED0B3CB8B87C}.Debug|Any CPU.ActiveCfg = Debug|Any CPU
		{1418C3CB-E639-4B74-8044-ED0B3CB8B87C}.Debug|Any CPU.Build.0 = Debug|Any CPU
		{1418C3CB-E639-4B74-8044-ED0B3CB8B87C}.Release|Any CPU.ActiveCfg = Release|Any CPU
		{1418C3CB-E639-4B74-8044-ED0B3CB8B87C}.Release|Any CPU.Build.0 = Release|Any CPU
	EndGlobalSection
	GlobalSection(SolutionProperties) = preSolution
		HideSolutionNode = FALSE
	EndGlobalSection
	GlobalSection(ExtensibilityGlobals) = postSolution
		SolutionGuid = {3F87C8DE-00C2-49E3-ABCB-7675E9BA9989}
	EndGlobalSection
EndGlobal
